// !$*UTF8*$!
{
	archiveVersion = 1;
	classes = {
	};
	objectVersion = 50;
	objects = {

/* Begin PBXBuildFile section */
		045358EA261EAE4E00AFFFDE /* AppDelegate.swift in Sources */ = {isa = PBXBuildFile; fileRef = 045358E9261EAE4E00AFFFDE /* AppDelegate.swift */; };
		045358EC261EAE4E00AFFFDE /* SceneDelegate.swift in Sources */ = {isa = PBXBuildFile; fileRef = 045358EB261EAE4E00AFFFDE /* SceneDelegate.swift */; };
		045358EE261EAE4E00AFFFDE /* ContentView.swift in Sources */ = {isa = PBXBuildFile; fileRef = 045358ED261EAE4E00AFFFDE /* ContentView.swift */; };
		045358F0261EAE5300AFFFDE /* Assets.xcassets in Resources */ = {isa = PBXBuildFile; fileRef = 045358EF261EAE5300AFFFDE /* Assets.xcassets */; };
		045358F3261EAE5300AFFFDE /* Preview Assets.xcassets in Resources */ = {isa = PBXBuildFile; fileRef = 045358F2261EAE5300AFFFDE /* Preview Assets.xcassets */; };
		045358F6261EAE5300AFFFDE /* LaunchScreen.storyboard in Resources */ = {isa = PBXBuildFile; fileRef = 045358F4261EAE5300AFFFDE /* LaunchScreen.storyboard */; };
		045358FF261EAE7B00AFFFDE /* Shape.swift in Sources */ = {isa = PBXBuildFile; fileRef = 045358FE261EAE7B00AFFFDE /* Shape.swift */; };
		04535902261EB28F00AFFFDE /* Warna.swift in Sources */ = {isa = PBXBuildFile; fileRef = 04535901261EB28F00AFFFDE /* Warna.swift */; };
		04535905261EB5E200AFFFDE /* Enumerasi.swift in Sources */ = {isa = PBXBuildFile; fileRef = 04535904261EB5E200AFFFDE /* Enumerasi.swift */; };
/* End PBXBuildFile section */

/* Begin PBXFileReference section */
		045358E6261EAE4E00AFFFDE /* enumProject.app */ = {isa = PBXFileReference; explicitFileType = wrapper.application; includeInIndex = 0; path = enumProject.app; sourceTree = BUILT_PRODUCTS_DIR; };
		045358E9261EAE4E00AFFFDE /* AppDelegate.swift */ = {isa = PBXFileReference; lastKnownFileType = sourcecode.swift; path = AppDelegate.swift; sourceTree = "<group>"; };
		045358EB261EAE4E00AFFFDE /* SceneDelegate.swift */ = {isa = PBXFileReference; lastKnownFileType = sourcecode.swift; path = SceneDelegate.swift; sourceTree = "<group>"; };
		045358ED261EAE4E00AFFFDE /* ContentView.swift */ = {isa = PBXFileReference; lastKnownFileType = sourcecode.swift; path = ContentView.swift; sourceTree = "<group>"; };
		045358EF261EAE5300AFFFDE /* Assets.xcassets */ = {isa = PBXFileReference; lastKnownFileType = folder.assetcatalog; path = Assets.xcassets; sourceTree = "<group>"; };
		045358F2261EAE5300AFFFDE /* Preview Assets.xcassets */ = {isa = PBXFileReference; lastKnownFileType = folder.assetcatalog; path = "Preview Assets.xcassets"; sourceTree = "<group>"; };
		045358F5261EAE5300AFFFDE /* Base */ = {isa = PBXFileReference; lastKnownFileType = file.storyboard; name = Base; path = Base.lproj/LaunchScreen.storyboard; sourceTree = "<group>"; };
		045358F7261EAE5300AFFFDE /* Info.plist */ = {isa = PBXFileReference; lastKnownFileType = text.plist.xml; path = Info.plist; sourceTree = "<group>"; };
		045358FE261EAE7B00AFFFDE /* Shape.swift */ = {isa = PBXFileReference; lastKnownFileType = sourcecode.swift; path = Shape.swift; sourceTree = "<group>"; };
		04535901261EB28F00AFFFDE /* Warna.swift */ = {isa = PBXFileReference; lastKnownFileType = sourcecode.swift; path = Warna.swift; sourceTree = "<group>"; };
		04535904261EB5E200AFFFDE /* Enumerasi.swift */ = {isa = PBXFileReference; lastKnownFileType = sourcecode.swift; path = Enumerasi.swift; sourceTree = "<group>"; };
/* End PBXFileReference section */

/* Begin PBXFrameworksBuildPhase section */
		045358E3261EAE4E00AFFFDE /* Frameworks */ = {
			isa = PBXFrameworksBuildPhase;
			buildActionMask = 2147483647;
			files = (
			);
			runOnlyForDeploymentPostprocessing = 0;
		};
/* End PBXFrameworksBuildPhase section */

/* Begin PBXGroup section */
		045358DD261EAE4E00AFFFDE = {
			isa = PBXGroup;
			children = (
				045358E8261EAE4E00AFFFDE /* enumProject */,
				045358E7261EAE4E00AFFFDE /* Products */,
			);
			sourceTree = "<group>";
		};
		045358E7261EAE4E00AFFFDE /* Products */ = {
			isa = PBXGroup;
			children = (
				045358E6261EAE4E00AFFFDE /* enumProject.app */,
			);
			name = Products;
			sourceTree = "<group>";
		};
		045358E8261EAE4E00AFFFDE /* enumProject */ = {
			isa = PBXGroup;
			children = (
				045358E9261EAE4E00AFFFDE /* AppDelegate.swift */,
				045358EB261EAE4E00AFFFDE /* SceneDelegate.swift */,
				04535901261EB28F00AFFFDE /* Warna.swift */,
				04535904261EB5E200AFFFDE /* Enumerasi.swift */,
				045358ED261EAE4E00AFFFDE /* ContentView.swift */,
				045358EF261EAE5300AFFFDE /* Assets.xcassets */,
				045358F4261EAE5300AFFFDE /* LaunchScreen.storyboard */,
				045358F7261EAE5300AFFFDE /* Info.plist */,
				045358F1261EAE5300AFFFDE /* Preview Content */,
				045358FE261EAE7B00AFFFDE /* Shape.swift */,
			);
			path = enumProject;
			sourceTree = "<group>";
		};
		045358F1261EAE5300AFFFDE /* Preview Content */ = {
			isa = PBXGroup;
			children = (
				045358F2261EAE5300AFFFDE /* Preview Assets.xcassets */,
			);
			path = "Preview Content";
			sourceTree = "<group>";
		};
/* End PBXGroup section */

/* Begin PBXNativeTarget section */
		045358E5261EAE4E00AFFFDE /* enumProject */ = {
			isa = PBXNativeTarget;
			buildConfigurationList = 045358FA261EAE5300AFFFDE /* Build configuration list for PBXNativeTarget "enumProject" */;
			buildPhases = (
				045358E2261EAE4E00AFFFDE /* Sources */,
				045358E3261EAE4E00AFFFDE /* Frameworks */,
				045358E4261EAE4E00AFFFDE /* Resources */,
			);
			buildRules = (
			);
			dependencies = (
			);
			name = enumProject;
			productName = enumProject;
			productReference = 045358E6261EAE4E00AFFFDE /* enumProject.app */;
			productType = "com.apple.product-type.application";
		};
/* End PBXNativeTarget section */

/* Begin PBXProject section */
		045358DE261EAE4E00AFFFDE /* Project object */ = {
			isa = PBXProject;
			attributes = {
				LastSwiftUpdateCheck = 1240;
				LastUpgradeCheck = 1240;
				TargetAttributes = {
					045358E5261EAE4E00AFFFDE = {
						CreatedOnToolsVersion = 12.4;
					};
				};
			};
			buildConfigurationList = 045358E1261EAE4E00AFFFDE /* Build configuration list for PBXProject "enumProject" */;
			compatibilityVersion = "Xcode 9.3";
			developmentRegion = en;
			hasScannedForEncodings = 0;
			knownRegions = (
				en,
				Base,
			);
			mainGroup = 045358DD261EAE4E00AFFFDE;
			productRefGroup = 045358E7261EAE4E00AFFFDE /* Products */;
			projectDirPath = "";
			projectRoot = "";
			targets = (
				045358E5261EAE4E00AFFFDE /* enumProject */,
			);
		};
/* End PBXProject section */

/* Begin PBXResourcesBuildPhase section */
		045358E4261EAE4E00AFFFDE /* Resources */ = {
			isa = PBXResourcesBuildPhase;
			buildActionMask = 2147483647;
			files = (
				045358F6261EAE5300AFFFDE /* LaunchScreen.storyboard in Resources */,
				045358F3261EAE5300AFFFDE /* Preview Assets.xcassets in Resources */,
				045358F0261EAE5300AFFFDE /* Assets.xcassets in Resources */,
			);
			runOnlyForDeploymentPostprocessing = 0;
		};
/* End PBXResourcesBuildPhase section */

/* Begin PBXSourcesBuildPhase section */
		045358E2261EAE4E00AFFFDE /* Sources */ = {
			isa = PBXSourcesBuildPhase;
			buildActionMask = 2147483647;
			files = (
				045358EA261EAE4E00AFFFDE /* AppDelegate.swift in Sources */,
				04535905261EB5E200AFFFDE /* Enumerasi.swift in Sources */,
				04535902261EB28F00AFFFDE /* Warna.swift in Sources */,
				045358EC261EAE4E00AFFFDE /* SceneDelegate.swift in Sources */,
				045358EE261EAE4E00AFFFDE /* ContentView.swift in Sources */,
				045358FF261EAE7B00AFFFDE /* Shape.swift in Sources */,
			);
			runOnlyForDeploymentPostprocessing = 0;
		};
/* End PBXSourcesBuildPhase section */

/* Begin PBXVariantGroup section */
		045358F4261EAE5300AFFFDE /* LaunchScreen.storyboard */ = {
			isa = PBXVariantGroup;
			children = (
				045358F5261EAE5300AFFFDE /* Base */,
			);
			name = LaunchScreen.storyboard;
			sourceTree = "<group>";
		};
/* End PBXVariantGroup section */

/* Begin XCBuildConfiguration section */
		045358F8261EAE5300AFFFDE /* Debug */ = {
			isa = XCBuildConfiguration;
			buildSettings = {
				ALWAYS_SEARCH_USER_PATHS = NO;
				CLANG_ANALYZER_NONNULL = YES;
				CLANG_ANALYZER_NUMBER_OBJECT_CONVERSION = YES_AGGRESSIVE;
				CLANG_CXX_LANGUAGE_STANDARD = "gnu++14";
				CLANG_CXX_LIBRARY = "libc++";
				CLANG_ENABLE_MODULES = YES;
				CLANG_ENABLE_OBJC_ARC = YES;
				CLANG_ENABLE_OBJC_WEAK = YES;
				CLANG_WARN_BLOCK_CAPTURE_AUTORELEASING = YES;
				CLANG_WARN_BOOL_CONVERSION = YES;
				CLANG_WARN_COMMA = YES;
				CLANG_WARN_CONSTANT_CONVERSION = YES;
				CLANG_WARN_DEPRECATED_OBJC_IMPLEMENTATIONS = YES;
				CLANG_WARN_DIRECT_OBJC_ISA_USAGE = YES_ERROR;
				CLANG_WARN_DOCUMENTATION_COMMENTS = YES;
				CLANG_WARN_EMPTY_BODY = YES;
				CLANG_WARN_ENUM_CONVERSION = YES;
				CLANG_WARN_INFINITE_RECURSION = YES;
				CLANG_WARN_INT_CONVERSION = YES;
				CLANG_WARN_NON_LITERAL_NULL_CONVERSION = YES;
				CLANG_WARN_OBJC_IMPLICIT_RETAIN_SELF = YES;
				CLANG_WARN_OBJC_LITERAL_CONVERSION = YES;
				CLANG_WARN_OBJC_ROOT_CLASS = YES_ERROR;
				CLANG_WARN_QUOTED_INCLUDE_IN_FRAMEWORK_HEADER = YES;
				CLANG_WARN_RANGE_LOOP_ANALYSIS = YES;
				CLANG_WARN_STRICT_PROTOTYPES = YES;
				CLANG_WARN_SUSPICIOUS_MOVE = YES;
				CLANG_WARN_UNGUARDED_AVAILABILITY = YES_AGGRESSIVE;
				CLANG_WARN_UNREACHABLE_CODE = YES;
				CLANG_WARN__DUPLICATE_METHOD_MATCH = YES;
				COPY_PHASE_STRIP = NO;
				DEBUG_INFORMATION_FORMAT = dwarf;
				ENABLE_STRICT_OBJC_MSGSEND = YES;
				ENABLE_TESTABILITY = YES;
				GCC_C_LANGUAGE_STANDARD = gnu11;
				GCC_DYNAMIC_NO_PIC = NO;
				GCC_NO_COMMON_BLOCKS = YES;
				GCC_OPTIMIZATION_LEVEL = 0;
				GCC_PREPROCESSOR_DEFINITIONS = (
					"DEBUG=1",
					"$(inherited)",
				);
				GCC_WARN_64_TO_32_BIT_CONVERSION = YES;
				GCC_WARN_ABOUT_RETURN_TYPE = YES_ERROR;
				GCC_WARN_UNDECLARED_SELECTOR = YES;
				GCC_WARN_UNINITIALIZED_AUTOS = YES_AGGRESSIVE;
				GCC_WARN_UNUSED_FUNCTION = YES;
				GCC_WARN_UNUSED_VARIABLE = YES;
				IPHONEOS_DEPLOYMENT_TARGET = 14.4;
				MTL_ENABLE_DEBUG_INFO = INCLUDE_SOURCE;
				MTL_FAST_MATH = YES;
				ONLY_ACTIVE_ARCH = YES;
				SDKROOT = iphoneos;
				SWIFT_ACTIVE_COMPILATION_CONDITIONS = DEBUG;
				SWIFT_OPTIMIZATION_LEVEL = "-Onone";
			};
			name = Debug;
		};
		045358F9261EAE5300AFFFDE /* Release */ = {
			isa = XCBuildConfiguration;
			buildSettings = {
				ALWAYS_SEARCH_USER_PATHS = NO;
				CLANG_ANALYZER_NONNULL = YES;
				CLANG_ANALYZER_NUMBER_OBJECT_CONVERSION = YES_AGGRESSIVE;
				CLANG_CXX_LANGUAGE_STANDARD = "gnu++14";
				CLANG_CXX_LIBRARY = "libc++";
				CLANG_ENABLE_MODULES = YES;
				CLANG_ENABLE_OBJC_ARC = YES;
				CLANG_ENABLE_OBJC_WEAK = YES;
				CLANG_WARN_BLOCK_CAPTURE_AUTORELEASING = YES;
				CLANG_WARN_BOOL_CONVERSION = YES;
				CLANG_WARN_COMMA = YES;
				CLANG_WARN_CONSTANT_CONVERSION = YES;
				CLANG_WARN_DEPRECATED_OBJC_IMPLEMENTATIONS = YES;
				CLANG_WARN_DIRECT_OBJC_ISA_USAGE = YES_ERROR;
				CLANG_WARN_DOCUMENTATION_COMMENTS = YES;
				CLANG_WARN_EMPTY_BODY = YES;
				CLANG_WARN_ENUM_CONVERSION = YES;
				CLANG_WARN_INFINITE_RECURSION = YES;
				CLANG_WARN_INT_CONVERSION = YES;
				CLANG_WARN_NON_LITERAL_NULL_CONVERSION = YES;
				CLANG_WARN_OBJC_IMPLICIT_RETAIN_SELF = YES;
				CLANG_WARN_OBJC_LITERAL_CONVERSION = YES;
				CLANG_WARN_OBJC_ROOT_CLASS = YES_ERROR;
				CLANG_WARN_QUOTED_INCLUDE_IN_FRAMEWORK_HEADER = YES;
				CLANG_WARN_RANGE_LOOP_ANALYSIS = YES;
				CLANG_WARN_STRICT_PROTOTYPES = YES;
				CLANG_WARN_SUSPICIOUS_MOVE = YES;
				CLANG_WARN_UNGUARDED_AVAILABILITY = YES_AGGRESSIVE;
				CLANG_WARN_UNREACHABLE_CODE = YES;
				CLANG_WARN__DUPLICATE_METHOD_MATCH = YES;
				COPY_PHASE_STRIP = NO;
				DEBUG_INFORMATION_FORMAT = "dwarf-with-dsym";
				ENABLE_NS_ASSERTIONS = NO;
				ENABLE_STRICT_OBJC_MSGSEND = YES;
				GCC_C_LANGUAGE_STANDARD = gnu11;
				GCC_NO_COMMON_BLOCKS = YES;
				GCC_WARN_64_TO_32_BIT_CONVERSION = YES;
				GCC_WARN_ABOUT_RETURN_TYPE = YES_ERROR;
				GCC_WARN_UNDECLARED_SELECTOR = YES;
				GCC_WARN_UNINITIALIZED_AUTOS = YES_AGGRESSIVE;
				GCC_WARN_UNUSED_FUNCTION = YES;
				GCC_WARN_UNUSED_VARIABLE = YES;
				IPHONEOS_DEPLOYMENT_TARGET = 14.4;
				MTL_ENABLE_DEBUG_INFO = NO;
				MTL_FAST_MATH = YES;
				SDKROOT = iphoneos;
				SWIFT_COMPILATION_MODE = wholemodule;
				SWIFT_OPTIMIZATION_LEVEL = "-O";
				VALIDATE_PRODUCT = YES;
			};
			name = Release;
		};
		045358FB261EAE5300AFFFDE /* Debug */ = {
			isa = XCBuildConfiguration;
			buildSettings = {
				ASSETCATALOG_COMPILER_APPICON_NAME = AppIcon;
				ASSETCATALOG_COMPILER_GLOBAL_ACCENT_COLOR_NAME = AccentColor;
				CODE_SIGN_STYLE = Automatic;
				DEVELOPMENT_ASSET_PATHS = "\"enumProject/Preview Content\"";
				DEVELOPMENT_TEAM = B5S8FA58KA;
				ENABLE_PREVIEWS = YES;
				INFOPLIST_FILE = enumProject/Info.plist;
				LD_RUNPATH_SEARCH_PATHS = (
					"$(inherited)",
					"@executable_path/Frameworks",
				);
				PRODUCT_BUNDLE_IDENTIFIER = "RPL-A.enumProject";
				PRODUCT_NAME = "$(TARGET_NAME)";
				SWIFT_VERSION = 5.0;
				TARGETED_DEVICE_FAMILY = "1,2";
			};
			name = Debug;
		};
		045358FC261EAE5300AFFFDE /* Release */ = {
			isa = XCBuildConfiguration;
			buildSettings = {
				ASSETCATALOG_COMPILER_APPICON_NAME = AppIcon;
				ASSETCATALOG_COMPILER_GLOBAL_ACCENT_COLOR_NAME = AccentColor;
				CODE_SIGN_STYLE = Automatic;
				DEVELOPMENT_ASSET_PATHS = "\"enumProject/Preview Content\"";
				DEVELOPMENT_TEAM = B5S8FA58KA;
				ENABLE_PREVIEWS = YES;
				INFOPLIST_FILE = enumProject/Info.plist;
				LD_RUNPATH_SEARCH_PATHS = (
					"$(inherited)",
					"@executable_path/Frameworks",
				);
				PRODUCT_BUNDLE_IDENTIFIER = "RPL-A.enumProject";
				PRODUCT_NAME = "$(TARGET_NAME)";
				SWIFT_VERSION = 5.0;
				TARGETED_DEVICE_FAMILY = "1,2";
			};
			name = Release;
		};
/* End XCBuildConfiguration section */

/* Begin XCConfigurationList section */
		045358E1261EAE4E00AFFFDE /* Build configuration list for PBXProject "enumProject" */ = {
			isa = XCConfigurationList;
			buildConfigurations = (
				045358F8261EAE5300AFFFDE /* Debug */,
				045358F9261EAE5300AFFFDE /* Release */,
			);
			defaultConfigurationIsVisible = 0;
			defaultConfigurationName = Release;
		};
		045358FA261EAE5300AFFFDE /* Build configuration list for PBXNativeTarget "enumProject" */ = {
			isa = XCConfigurationList;
			buildConfigurations = (
				045358FB261EAE5300AFFFDE /* Debug */,
				045358FC261EAE5300AFFFDE /* Release */,
			);
			defaultConfigurationIsVisible = 0;
			defaultConfigurationName = Release;
		};
/* End XCConfigurationList section */
	};
	rootObject = 045358DE261EAE4E00AFFFDE /* Project object */;
}
